// !$*UTF8*$!
{
	archiveVersion = 1;
	classes = {
	};
	objectVersion = 77;
	objects = {

/* Begin PBXBuildFile section */
		DA7A00010000000000000001 /* DayplateControls.appex in Embed Foundation Extensions */ = {isa = PBXBuildFile; fileRef = DA7A00020000000000000002 /* DayplateControls.appex */; settings = {ATTRIBUTES = (RemoveHeadersOnCopy, ); }; };
/* End PBXBuildFile section */

/* Begin PBXContainerItemProxy section */
		88EBAC9D3032112D00FB5B08 /* PBXContainerItemProxy */ = {
			isa = PBXContainerItemProxy;
			containerPortal = 88EBAC823032112A00FB5B08 /* Project object */;
			proxyType = 1;
			remoteGlobalIDString = 88EBAC893032112A00FB5B08;
			remoteInfo = "Food Logging";
		};
		88EBACA73032112D00FB5B08 /* PBXContainerItemProxy */ = {
			isa = PBXContainerItemProxy;
			containerPortal = 88EBAC823032112A00FB5B08 /* Project object */;
			proxyType = 1;
			remoteGlobalIDString = 88EBAC893032112A00FB5B08;
			remoteInfo = "Food Logging";
		};
		DA7A00030000000000000003 /* PBXContainerItemProxy */ = {
			isa = PBXContainerItemProxy;
			containerPortal = 88EBAC823032112A00FB5B08 /* Project object */;
			proxyType = 1;
			remoteGlobalIDString = DA7A00040000000000000004;
			remoteInfo = DayplateControls;
		};
/* End PBXContainerItemProxy section */

/* Begin PBXCopyFilesBuildPhase section */
		DA7A00050000000000000005 /* Embed Foundation Extensions */ = {
			isa = PBXCopyFilesBuildPhase;
			buildActionMask = 2147483647;
			dstPath = "";
			dstSubfolderSpec = 13;
			files = (
				DA7A00010000000000000001 /* DayplateControls.appex in Embed Foundation Extensions */,
			);
			name = "Embed Foundation Extensions";
			runOnlyForDeploymentPostprocessing = 0;
		};
/* End PBXCopyFilesBuildPhase section */

/* Begin PBXFileReference section */
		88EBAC8A3032112A00FB5B08 /* Dayplate.app */ = {isa = PBXFileReference; explicitFileType = wrapper.application; includeInIndex = 0; path = Dayplate.app; sourceTree = BUILT_PRODUCTS_DIR; };
		88EBAC9C3032112D00FB5B08 /* Food LoggingTests.xctest */ = {isa = PBXFileReference; explicitFileType = wrapper.cfbundle; includeInIndex = 0; path = "Food LoggingTests.xctest"; sourceTree = BUILT_PRODUCTS_DIR; };
		88EBACA63032112D00FB5B08 /* Food LoggingUITests.xctest */ = {isa = PBXFileReference; explicitFileType = wrapper.cfbundle; includeInIndex = 0; path = "Food LoggingUITests.xctest"; sourceTree = BUILT_PRODUCTS_DIR; };
		DA7A00020000000000000002 /* DayplateControls.appex */ = {isa = PBXFileReference; explicitFileType = "wrapper.app-extension"; includeInIndex = 0; path = DayplateControls.appex; sourceTree = BUILT_PRODUCTS_DIR; };
/* End PBXFileReference section */

/* Begin PBXFileSystemSynchronizedBuildFileExceptionSet section */
		DA7A000F000000000000000F /* Exceptions for "Food Logging" folder in "Food Logging" target */ = {
			isa = PBXFileSystemSynchronizedBuildFileExceptionSet;
			membershipExceptions = (
				Info.plist,
			);
			target = 88EBAC893032112A00FB5B08 /* Food Logging */;
		};
		DA7A00100000000000000010 /* Exceptions for "DayplateControls" folder in "DayplateControls" target */ = {
			isa = PBXFileSystemSynchronizedBuildFileExceptionSet;
			membershipExceptions = (
				Info.plist,
			);
			target = DA7A00040000000000000004 /* DayplateControls */;
		};
/* End PBXFileSystemSynchronizedBuildFileExceptionSet section */

/* Begin PBXFileSystemSynchronizedRootGroup section */
		88EBAC8C3032112A00FB5B08 /* Food Logging */ = {
			isa = PBXFileSystemSynchronizedRootGroup;
			exceptions = (
				DA7A000F000000000000000F /* Exceptions for "Food Logging" folder in "Food Logging" target */,
			);
			path = "Food Logging";
			sourceTree = "<group>";
		};
		88EBAC9F3032112D00FB5B08 /* Food LoggingTests */ = {
			isa = PBXFileSystemSynchronizedRootGroup;
			path = "Food LoggingTests";
			sourceTree = "<group>";
		};
		88EBACA93032112D00FB5B08 /* Food LoggingUITests */ = {
			isa = PBXFileSystemSynchronizedRootGroup;
			path = "Food LoggingUITests";
			sourceTree = "<group>";
		};
		DA7A00060000000000000006 /* DayplateControls */ = {
			isa = PBXFileSystemSynchronizedRootGroup;
			exceptions = (
				DA7A00100000000000000010 /* Exceptions for "DayplateControls" folder in "DayplateControls" target */,
			);
			path = DayplateControls;
			sourceTree = "<group>";
		};
/* End PBXFileSystemSynchronizedRootGroup section */

/* Begin PBXFrameworksBuildPhase section */
		88EBAC873032112A00FB5B08 /* Frameworks */ = {
			isa = PBXFrameworksBuildPhase;
			buildActionMask = 2147483647;
			files = (
			);
			runOnlyForDeploymentPostprocessing = 0;
		};
		88EBAC993032112D00FB5B08 /* Frameworks */ = {
			isa = PBXFrameworksBuildPhase;
			buildActionMask = 2147483647;
			files = (
			);
			runOnlyForDeploymentPostprocessing = 0;
		};
		88EBACA33032112D00FB5B08 /* Frameworks */ = {
			isa = PBXFrameworksBuildPhase;
			buildActionMask = 2147483647;
			files = (
			);
			runOnlyForDeploymentPostprocessing = 0;
		};
		DA7A00070000000000000007 /* Frameworks */ = {
			isa = PBXFrameworksBuildPhase;
			buildActionMask = 2147483647;
			files = (
			);
			runOnlyForDeploymentPostprocessing = 0;
		};
/* End PBXFrameworksBuildPhase section */

/* Begin PBXGroup section */
		88EBAC813032112A00FB5B08 = {
			isa = PBXGroup;
			children = (
				88EBAC8C3032112A00FB5B08 /* Food Logging */,
				DA7A00060000000000000006 /* DayplateControls */,
				88EBAC9F3032112D00FB5B08 /* Food LoggingTests */,
				88EBACA93032112D00FB5B08 /* Food LoggingUITests */,
				88EBAC8B3032112A00FB5B08 /* Products */,
			);
			sourceTree = "<group>";
		};
		88EBAC8B3032112A00FB5B08 /* Products */ = {
			isa = PBXGroup;
			children = (
				88EBAC8A3032112A00FB5B08 /* Dayplate.app */,
				DA7A00020000000000000002 /* DayplateControls.appex */,
				88EBAC9C3032112D00FB5B08 /* Food LoggingTests.xctest */,
				88EBACA63032112D00FB5B08 /* Food LoggingUITests.xctest */,
			);
			name = Products;
			sourceTree = "<group>";
		};
/* End PBXGroup section */

/* Begin PBXNativeTarget section */
		88EBAC893032112A00FB5B08 /* Food Logging */ = {
			isa = PBXNativeTarget;
			buildConfigurationList = 88EBACB03032112D00FB5B08 /* Build configuration list for PBXNativeTarget "Food Logging" */;
			buildPhases = (
				88EBAC863032112A00FB5B08 /* Sources */,
				88EBAC873032112A00FB5B08 /* Frameworks */,
				88EBAC883032112A00FB5B08 /* Resources */,
				DA7A00050000000000000005 /* Embed Foundation Extensions */,
			);
			buildRules = (
			);
			dependencies = (
				DA7A000B000000000000000B /* PBXTargetDependency */,
			);
			fileSystemSynchronizedGroups = (
				88EBAC8C3032112A00FB5B08 /* Food Logging */,
			);
			name = "Food Logging";
			packageProductDependencies = (
			);
			productName = "Food Logging";
			productReference = 88EBAC8A3032112A00FB5B08 /* Dayplate.app */;
			productType = "com.apple.product-type.application";
		};
		88EBAC9B3032112D00FB5B08 /* Food LoggingTests */ = {
			isa = PBXNativeTarget;
			buildConfigurationList = 88EBACB33032112D00FB5B08 /* Build configuration list for PBXNativeTarget "Food LoggingTests" */;
			buildPhases = (
				88EBAC983032112D00FB5B08 /* Sources */,
				88EBAC993032112D00FB5B08 /* Frameworks */,
				88EBAC9A3032112D00FB5B08 /* Resources */,
			);
			buildRules = (
			);
			dependencies = (
				88EBAC9E3032112D00FB5B08 /* PBXTargetDependency */,
			);
			fileSystemSynchronizedGroups = (
				88EBAC9F3032112D00FB5B08 /* Food LoggingTests */,
			);
			name = "Food LoggingTests";
			packageProductDependencies = (
			);
			productName = "Food LoggingTests";
			productReference = 88EBAC9C3032112D00FB5B08 /* Food LoggingTests.xctest */;
			productType = "com.apple.product-type.bundle.unit-test";
		};
		88EBACA53032112D00FB5B08 /* Food LoggingUITests */ = {
			isa = PBXNativeTarget;
			buildConfigurationList = 88EBACB63032112D00FB5B08 /* Build configuration list for PBXNativeTarget "Food LoggingUITests" */;
			buildPhases = (
				88EBACA23032112D00FB5B08 /* Sources */,
				88EBACA33032112D00FB5B08 /* Frameworks */,
				88EBACA43032112D00FB5B08 /* Resources */,
			);
			buildRules = (
			);
			dependencies = (
				88EBACA83032112D00FB5B08 /* PBXTargetDependency */,
			);
			fileSystemSynchronizedGroups = (
				88EBACA93032112D00FB5B08 /* Food LoggingUITests */,
			);
			name = "Food LoggingUITests";
			packageProductDependencies = (
			);
			productName = "Food LoggingUITests";
			productReference = 88EBACA63032112D00FB5B08 /* Food LoggingUITests.xctest */;
			productType = "com.apple.product-type.bundle.ui-testing";
		};
		DA7A00040000000000000004 /* DayplateControls */ = {
			isa = PBXNativeTarget;
			buildConfigurationList = DA7A000E000000000000000E /* Build configuration list for PBXNativeTarget "DayplateControls" */;
			buildPhases = (
				DA7A00080000000000000008 /* Sources */,
				DA7A00070000000000000007 /* Frameworks */,
				DA7A00090000000000000009 /* Resources */,
			);
			buildRules = (
			);
			dependencies = (
			);
			fileSystemSynchronizedGroups = (
				DA7A00060000000000000006 /* DayplateControls */,
			);
			name = DayplateControls;
			packageProductDependencies = (
			);
			productName = DayplateControls;
			productReference = DA7A00020000000000000002 /* DayplateControls.appex */;
			productType = "com.apple.product-type.app-extension";
		};
/* End PBXNativeTarget section */

/* Begin PBXProject section */
		88EBAC823032112A00FB5B08 /* Project object */ = {
			isa = PBXProject;
			attributes = {
				BuildIndependentTargetsInParallel = 1;
				LastSwiftUpdateCheck = 2640;
				LastUpgradeCheck = 2640;
				TargetAttributes = {
					88EBAC893032112A00FB5B08 = {
						CreatedOnToolsVersion = 26.4.1;
						SystemCapabilities = {
							com.apple.HealthKit = {
								enabled = 1;
							};
							com.apple.iCloud = {
								enabled = 1;
							};
						};
					};
					88EBAC9B3032112D00FB5B08 = {
						CreatedOnToolsVersion = 26.4.1;
						TestTargetID = 88EBAC893032112A00FB5B08;
					};
					88EBACA53032112D00FB5B08 = {
						CreatedOnToolsVersion = 26.4.1;
						TestTargetID = 88EBAC893032112A00FB5B08;
					};
					DA7A00040000000000000004 = {
						CreatedOnToolsVersion = 26.4.1;
					};
				};
			};
			buildConfigurationList = 88EBAC853032112A00FB5B08 /* Build configuration list for PBXProject "Food Logging" */;
			developmentRegion = en;
			hasScannedForEncodings = 0;
			knownRegions = (
				en,
				Base,
			);
			mainGroup = 88EBAC813032112A00FB5B08;
			minimizedProjectReferenceProxies = 1;
			preferredProjectObjectVersion = 77;
			productRefGroup = 88EBAC8B3032112A00FB5B08 /* Products */;
			projectDirPath = "";
			projectRoot = "";
			targets = (
				88EBAC893032112A00FB5B08 /* Food Logging */,
				DA7A00040000000000000004 /* DayplateControls */,
				88EBAC9B3032112D00FB5B08 /* Food LoggingTests */,
				88EBACA53032112D00FB5B08 /* Food LoggingUITests */,
			);
		};
/* End PBXProject section */

/* Begin PBXResourcesBuildPhase section */
		88EBAC883032112A00FB5B08 /* Resources */ = {
			isa = PBXResourcesBuildPhase;
			buildActionMask = 2147483647;
			files = (
			);
			runOnlyForDeploymentPostprocessing = 0;
		};
		88EBAC9A3032112D00FB5B08 /* Resources */ = {
			isa = PBXResourcesBuildPhase;
			buildActionMask = 2147483647;
			files = (
			);
			runOnlyForDeploymentPostprocessing = 0;
		};
		88EBACA43032112D00FB5B08 /* Resources */ = {
			isa = PBXResourcesBuildPhase;
			buildActionMask = 2147483647;
			files = (
			);
			runOnlyForDeploymentPostprocessing = 0;
		};
		DA7A00090000000000000009 /* Resources */ = {
			isa = PBXResourcesBuildPhase;
			buildActionMask = 2147483647;
			files = (
			);
			runOnlyForDeploymentPostprocessing = 0;
		};
/* End PBXResourcesBuildPhase section */

/* Begin PBXSourcesBuildPhase section */
		88EBAC863032112A00FB5B08 /* Sources */ = {
			isa = PBXSourcesBuildPhase;
			buildActionMask = 2147483647;
			files = (
			);
			runOnlyForDeploymentPostprocessing = 0;
		};
		88EBAC983032112D00FB5B08 /* Sources */ = {
			isa = PBXSourcesBuildPhase;
			buildActionMask = 2147483647;
			files = (
			);
			runOnlyForDeploymentPostprocessing = 0;
		};
		88EBACA23032112D00FB5B08 /* Sources */ = {
			isa = PBXSourcesBuildPhase;
			buildActionMask = 2147483647;
			files = (
			);
			runOnlyForDeploymentPostprocessing = 0;
		};
		DA7A00080000000000000008 /* Sources */ = {
			isa = PBXSourcesBuildPhase;
			buildActionMask = 2147483647;
			files = (
			);
			runOnlyForDeploymentPostprocessing = 0;
		};
/* End PBXSourcesBuildPhase section */

/* Begin PBXTargetDependency section */
		88EBAC9E3032112D00FB5B08 /* PBXTargetDependency */ = {
			isa = PBXTargetDependency;
			target = 88EBAC893032112A00FB5B08 /* Food Logging */;
			targetProxy = 88EBAC9D3032112D00FB5B08 /* PBXContainerItemProxy */;
		};
		88EBACA83032112D00FB5B08 /* PBXTargetDependency */ = {
			isa = PBXTargetDependency;
			target = 88EBAC893032112A00FB5B08 /* Food Logging */;
			targetProxy = 88EBACA73032112D00FB5B08 /* PBXContainerItemProxy */;
		};
		DA7A000B000000000000000B /* PBXTargetDependency */ = {
			isa = PBXTargetDependency;
			target = DA7A00040000000000000004 /* DayplateControls */;
			targetProxy = DA7A00030000000000000003 /* PBXContainerItemProxy */;
		};
/* End PBXTargetDependency section */

/* Begin XCBuildConfiguration section */
		88EBACAE3032112D00FB5B08 /* Debug */ = {
			isa = XCBuildConfiguration;
			buildSettings = {
				ALWAYS_SEARCH_USER_PATHS = NO;
				ASSETCATALOG_COMPILER_GENERATE_SWIFT_ASSET_SYMBOL_EXTENSIONS = YES;
				CLANG_ANALYZER_NONNULL = YES;
				CLANG_ANALYZER_NUMBER_OBJECT_CONVERSION = YES_AGGRESSIVE;
				CLANG_CXX_LANGUAGE_STANDARD = "gnu++20";
				CLANG_ENABLE_MODULES = YES;
				CLANG_ENABLE_OBJC_ARC = YES;
				CLANG_ENABLE_OBJC_WEAK = YES;
				CLANG_WARN_BLOCK_CAPTURE_AUTORELEASING = YES;
				CLANG_WARN_BOOL_CONVERSION = YES;
				CLANG_WARN_COMMA = YES;
				CLANG_WARN_CONSTANT_CONVERSION = YES;
				CLANG_WARN_DEPRECATED_OBJC_IMPLEMENTATIONS = YES;
				CLANG_WARN_DIRECT_OBJC_ISA_USAGE = YES_ERROR;
				CLANG_WARN_DOCUMENTATION_COMMENTS = YES;
				CLANG_WARN_EMPTY_BODY = YES;
				CLANG_WARN_ENUM_CONVERSION = YES;
				CLANG_WARN_INFINITE_RECURSION = YES;
				CLANG_WARN_INT_CONVERSION = YES;
				CLANG_WARN_NON_LITERAL_NULL_CONVERSION = YES;
				CLANG_WARN_OBJC_IMPLICIT_RETAIN_SELF = YES;
				CLANG_WARN_OBJC_LITERAL_CONVERSION = YES;
				CLANG_WARN_OBJC_ROOT_CLASS = YES_ERROR;
				CLANG_WARN_QUOTED_INCLUDE_IN_FRAMEWORK_HEADER = YES;
				CLANG_WARN_RANGE_LOOP_ANALYSIS = YES;
				CLANG_WARN_STRICT_PROTOTYPES = YES;
				CLANG_WARN_SUSPICIOUS_MOVE = YES;
				CLANG_WARN_UNGUARDED_AVAILABILITY = YES_AGGRESSIVE;
				CLANG_WARN_UNREACHABLE_CODE = YES;
				CLANG_WARN__DUPLICATE_METHOD_MATCH = YES;
				COPY_PHASE_STRIP = NO;
				DEBUG_INFORMATION_FORMAT = dwarf;
				DEVELOPMENT_TEAM = 4KX3TW8N6M;
				ENABLE_STRICT_OBJC_MSGSEND = YES;
				ENABLE_TESTABILITY = YES;
				ENABLE_USER_SCRIPT_SANDBOXING = YES;
				GCC_C_LANGUAGE_STANDARD = gnu17;
				GCC_DYNAMIC_NO_PIC = NO;
				GCC_NO_COMMON_BLOCKS = YES;
				GCC_OPTIMIZATION_LEVEL = 0;
				GCC_PREPROCESSOR_DEFINITIONS = (
					"DEBUG=1",
					"$(inherited)",
				);
				GCC_WARN_64_TO_32_BIT_CONVERSION = YES;
				GCC_WARN_ABOUT_RETURN_TYPE = YES_ERROR;
				GCC_WARN_UNDECLARED_SELECTOR = YES;
				GCC_WARN_UNINITIALIZED_AUTOS = YES_AGGRESSIVE;
				GCC_WARN_UNUSED_FUNCTION = YES;
				GCC_WARN_UNUSED_VARIABLE = YES;
				IPHONEOS_DEPLOYMENT_TARGET = 17.0;
				LOCALIZATION_PREFERS_STRING_CATALOGS = YES;
				MTL_ENABLE_DEBUG_INFO = INCLUDE_SOURCE;
				MTL_FAST_MATH = YES;
				ONLY_ACTIVE_ARCH = YES;
				SDKROOT = iphoneos;
				SWIFT_ACTIVE_COMPILATION_CONDITIONS = "DEBUG $(inherited)";
				SWIFT_OPTIMIZATION_LEVEL = "-Onone";
			};
			name = Debug;
		};
		88EBACAF3032112D00FB5B08 /* Release */ = {
			isa = XCBuildConfiguration;
			buildSettings = {
				ALWAYS_SEARCH_USER_PATHS = NO;
				ASSETCATALOG_COMPILER_GENERATE_SWIFT_ASSET_SYMBOL_EXTENSIONS = YES;
				CLANG_ANALYZER_NONNULL = YES;
				CLANG_ANALYZER_NUMBER_OBJECT_CONVERSION = YES_AGGRESSIVE;
				CLANG_CXX_LANGUAGE_STANDARD = "gnu++20";
				CLANG_ENABLE_MODULES = YES;
				CLANG_ENABLE_OBJC_ARC = YES;
				CLANG_ENABLE_OBJC_WEAK = YES;
				CLANG_WARN_BLOCK_CAPTURE_AUTORELEASING = YES;
				CLANG_WARN_BOOL_CONVERSION = YES;
				CLANG_WARN_COMMA = YES;
				CLANG_WARN_CONSTANT_CONVERSION = YES;
				CLANG_WARN_DEPRECATED_OBJC_IMPLEMENTATIONS = YES;
				CLANG_WARN_DIRECT_OBJC_ISA_USAGE = YES_ERROR;
				CLANG_WARN_DOCUMENTATION_COMMENTS = YES;
				CLANG_WARN_EMPTY_BODY = YES;
				CLANG_WARN_ENUM_CONVERSION = YES;
				CLANG_WARN_INFINITE_RECURSION = YES;
				CLANG_WARN_INT_CONVERSION = YES;
				CLANG_WARN_NON_LITERAL_NULL_CONVERSION = YES;
				CLANG_WARN_OBJC_IMPLICIT_RETAIN_SELF = YES;
				CLANG_WARN_OBJC_LITERAL_CONVERSION = YES;
				CLANG_WARN_OBJC_ROOT_CLASS = YES_ERROR;
				CLANG_WARN_QUOTED_INCLUDE_IN_FRAMEWORK_HEADER = YES;
				CLANG_WARN_RANGE_LOOP_ANALYSIS = YES;
				CLANG_WARN_STRICT_PROTOTYPES = YES;
				CLANG_WARN_SUSPICIOUS_MOVE = YES;
				CLANG_WARN_UNGUARDED_AVAILABILITY = YES_AGGRESSIVE;
				CLANG_WARN_UNREACHABLE_CODE = YES;
				CLANG_WARN__DUPLICATE_METHOD_MATCH = YES;
				COPY_PHASE_STRIP = NO;
				DEBUG_INFORMATION_FORMAT = "dwarf-with-dsym";
				DEVELOPMENT_TEAM = 4KX3TW8N6M;
				ENABLE_NS_ASSERTIONS = NO;
				ENABLE_STRICT_OBJC_MSGSEND = YES;
				ENABLE_USER_SCRIPT_SANDBOXING = YES;
				GCC_C_LANGUAGE_STANDARD = gnu17;
				GCC_NO_COMMON_BLOCKS = YES;
				GCC_WARN_64_TO_32_BIT_CONVERSION = YES;
				GCC_WARN_ABOUT_RETURN_TYPE = YES_ERROR;
				GCC_WARN_UNDECLARED_SELECTOR = YES;
				GCC_WARN_UNINITIALIZED_AUTOS = YES_AGGRESSIVE;
				GCC_WARN_UNUSED_FUNCTION = YES;
				GCC_WARN_UNUSED_VARIABLE = YES;
				IPHONEOS_DEPLOYMENT_TARGET = 17.0;
				LOCALIZATION_PREFERS_STRING_CATALOGS = YES;
				MTL_ENABLE_DEBUG_INFO = NO;
				MTL_FAST_MATH = YES;
				SDKROOT = iphoneos;
				SWIFT_COMPILATION_MODE = wholemodule;
				VALIDATE_PRODUCT = YES;
			};
			name = Release;
		};
		88EBACB13032112D00FB5B08 /* Debug */ = {
			isa = XCBuildConfiguration;
			buildSettings = {
				ASSETCATALOG_COMPILER_APPICON_NAME = AppIcon;
				ASSETCATALOG_COMPILER_GLOBAL_ACCENT_COLOR_NAME = AccentColor;
				CODE_SIGN_ENTITLEMENTS = "Food Logging/Food_Logging.entitlements";
				CODE_SIGN_STYLE = Automatic;
				CURRENT_PROJECT_VERSION = 2;
				DEVELOPMENT_TEAM = 4KX3TW8N6M;
				ENABLE_PREVIEWS = YES;
				GENERATE_INFOPLIST_FILE = NO;
				INFOPLIST_FILE = "Food Logging/Info.plist";
				INFOPLIST_KEY_CFBundleDisplayName = Dayplate;
				INFOPLIST_KEY_NSCameraUsageDescription = "Take a temporary meal photo for review. Meal photos are not saved.";
				INFOPLIST_KEY_NSHealthShareUsageDescription = "Dayplate reads today’s workouts and active calories to place activity in your meal rhythm.";
				INFOPLIST_KEY_NSPhotoLibraryUsageDescription = "Choose a temporary meal photo for review. Meal photos are not saved.";
				INFOPLIST_KEY_UIApplicationSceneManifest_Generation = YES;
				INFOPLIST_KEY_UIApplicationSupportsIndirectInputEvents = YES;
				INFOPLIST_KEY_UILaunchScreen_Generation = YES;
				INFOPLIST_KEY_UIRequiresFullScreen = YES;
				INFOPLIST_KEY_UISupportedInterfaceOrientations_iPhone = UIInterfaceOrientationPortrait;
				IPHONEOS_DEPLOYMENT_TARGET = 17.0;
				LD_RUNPATH_SEARCH_PATHS = (
					"$(inherited)",
					"@executable_path/Frameworks",
				);
				MARKETING_VERSION = 1.3;
				PRODUCT_BUNDLE_IDENTIFIER = "kaibergman.Food-Logging";
				PRODUCT_MODULE_NAME = Food_Logging;
				PRODUCT_NAME = Dayplate;
				STRING_CATALOG_GENERATE_SYMBOLS = YES;
				SWIFT_APPROACHABLE_CONCURRENCY = YES;
				SWIFT_DEFAULT_ACTOR_ISOLATION = MainActor;
				SWIFT_EMIT_LOC_STRINGS = YES;
				SWIFT_UPCOMING_FEATURE_MEMBER_IMPORT_VISIBILITY = YES;
				SWIFT_VERSION = 5.0;
				TARGETED_DEVICE_FAMILY = 1;
			};
			name = Debug;
		};
		88EBACB23032112D00FB5B08 /* Release */ = {
			isa = XCBuildConfiguration;
			buildSettings = {
				ASSETCATALOG_COMPILER_APPICON_NAME = AppIcon;
				ASSETCATALOG_COMPILER_GLOBAL_ACCENT_COLOR_NAME = AccentColor;
				CODE_SIGN_ENTITLEMENTS = "Food Logging/Food_Logging.entitlements";
				CODE_SIGN_STYLE = Automatic;
				CURRENT_PROJECT_VERSION = 2;
				DEVELOPMENT_TEAM = 4KX3TW8N6M;
				ENABLE_PREVIEWS = YES;
				GENERATE_INFOPLIST_FILE = NO;
				INFOPLIST_FILE = "Food Logging/Info.plist";
				INFOPLIST_KEY_CFBundleDisplayName = Dayplate;
				INFOPLIST_KEY_NSCameraUsageDescription = "Take a temporary meal photo for review. Meal photos are not saved.";
				INFOPLIST_KEY_NSHealthShareUsageDescription = "Dayplate reads today’s workouts and active calories to place activity in your meal rhythm.";
				INFOPLIST_KEY_NSPhotoLibraryUsageDescription = "Choose a temporary meal photo for review. Meal photos are not saved.";
				INFOPLIST_KEY_UIApplicationSceneManifest_Generation = YES;
				INFOPLIST_KEY_UIApplicationSupportsIndirectInputEvents = YES;
				INFOPLIST_KEY_UILaunchScreen_Generation = YES;
				INFOPLIST_KEY_UIRequiresFullScreen = YES;
				INFOPLIST_KEY_UISupportedInterfaceOrientations_iPhone = UIInterfaceOrientationPortrait;
				IPHONEOS_DEPLOYMENT_TARGET = 17.0;
				LD_RUNPATH_SEARCH_PATHS = (
					"$(inherited)",
					"@executable_path/Frameworks",
				);
				MARKETING_VERSION = 1.3;
				PRODUCT_BUNDLE_IDENTIFIER = "kaibergman.Food-Logging";
				PRODUCT_MODULE_NAME = Food_Logging;
				PRODUCT_NAME = Dayplate;
				STRING_CATALOG_GENERATE_SYMBOLS = YES;
				SWIFT_APPROACHABLE_CONCURRENCY = YES;
				SWIFT_DEFAULT_ACTOR_ISOLATION = MainActor;
				SWIFT_EMIT_LOC_STRINGS = YES;
				SWIFT_UPCOMING_FEATURE_MEMBER_IMPORT_VISIBILITY = YES;
				SWIFT_VERSION = 5.0;
				TARGETED_DEVICE_FAMILY = 1;
			};
			name = Release;
		};
		88EBACB43032112D00FB5B08 /* Debug */ = {
			isa = XCBuildConfiguration;
			buildSettings = {
				BUNDLE_LOADER = "$(TEST_HOST)";
				CODE_SIGN_STYLE = Automatic;
				CURRENT_PROJECT_VERSION = 1;
				DEVELOPMENT_TEAM = 4KX3TW8N6M;
				GENERATE_INFOPLIST_FILE = YES;
				IPHONEOS_DEPLOYMENT_TARGET = 17.0;
				MARKETING_VERSION = 1.0;
				PRODUCT_BUNDLE_IDENTIFIER = "kaibergman.Food-LoggingTests";
				PRODUCT_NAME = "$(TARGET_NAME)";
				STRING_CATALOG_GENERATE_SYMBOLS = NO;
				SWIFT_APPROACHABLE_CONCURRENCY = YES;
				SWIFT_EMIT_LOC_STRINGS = NO;
				SWIFT_UPCOMING_FEATURE_MEMBER_IMPORT_VISIBILITY = YES;
				SWIFT_VERSION = 5.0;
				TARGETED_DEVICE_FAMILY = 1;
				TEST_HOST = "$(BUILT_PRODUCTS_DIR)/Dayplate.app/$(BUNDLE_EXECUTABLE_FOLDER_PATH)/Dayplate";
			};
			name = Debug;
		};
		88EBACB53032112D00FB5B08 /* Release */ = {
			isa = XCBuildConfiguration;
			buildSettings = {
				BUNDLE_LOADER = "$(TEST_HOST)";
				CODE_SIGN_STYLE = Automatic;
				CURRENT_PROJECT_VERSION = 1;
				DEVELOPMENT_TEAM = 4KX3TW8N6M;
				GENERATE_INFOPLIST_FILE = YES;
				IPHONEOS_DEPLOYMENT_TARGET = 17.0;
				MARKETING_VERSION = 1.0;
				PRODUCT_BUNDLE_IDENTIFIER = "kaibergman.Food-LoggingTests";
				PRODUCT_NAME = "$(TARGET_NAME)";
				STRING_CATALOG_GENERATE_SYMBOLS = NO;
				SWIFT_APPROACHABLE_CONCURRENCY = YES;
				SWIFT_EMIT_LOC_STRINGS = NO;
				SWIFT_UPCOMING_FEATURE_MEMBER_IMPORT_VISIBILITY = YES;
				SWIFT_VERSION = 5.0;
				TARGETED_DEVICE_FAMILY = 1;
				TEST_HOST = "$(BUILT_PRODUCTS_DIR)/Dayplate.app/$(BUNDLE_EXECUTABLE_FOLDER_PATH)/Dayplate";
			};
			name = Release;
		};
		88EBACB73032112D00FB5B08 /* Debug */ = {
			isa = XCBuildConfiguration;
			buildSettings = {
				CODE_SIGN_STYLE = Automatic;
				CURRENT_PROJECT_VERSION = 1;
				DEVELOPMENT_TEAM = 4KX3TW8N6M;
				GENERATE_INFOPLIST_FILE = YES;
				MARKETING_VERSION = 1.0;
				PRODUCT_BUNDLE_IDENTIFIER = "kaibergman.Food-LoggingUITests";
				PRODUCT_NAME = "$(TARGET_NAME)";
				STRING_CATALOG_GENERATE_SYMBOLS = NO;
				SWIFT_APPROACHABLE_CONCURRENCY = YES;
				SWIFT_EMIT_LOC_STRINGS = NO;
				SWIFT_UPCOMING_FEATURE_MEMBER_IMPORT_VISIBILITY = YES;
				SWIFT_VERSION = 5.0;
				TARGETED_DEVICE_FAMILY = 1;
				TEST_TARGET_NAME = "Food Logging";
			};
			name = Debug;
		};
		88EBACB83032112D00FB5B08 /* Release */ = {
			isa = XCBuildConfiguration;
			buildSettings = {
				CODE_SIGN_STYLE = Automatic;
				CURRENT_PROJECT_VERSION = 1;
				DEVELOPMENT_TEAM = 4KX3TW8N6M;
				GENERATE_INFOPLIST_FILE = YES;
				MARKETING_VERSION = 1.0;
				PRODUCT_BUNDLE_IDENTIFIER = "kaibergman.Food-LoggingUITests";
				PRODUCT_NAME = "$(TARGET_NAME)";
				STRING_CATALOG_GENERATE_SYMBOLS = NO;
				SWIFT_APPROACHABLE_CONCURRENCY = YES;
				SWIFT_EMIT_LOC_STRINGS = NO;
				SWIFT_UPCOMING_FEATURE_MEMBER_IMPORT_VISIBILITY = YES;
				SWIFT_VERSION = 5.0;
				TARGETED_DEVICE_FAMILY = 1;
				TEST_TARGET_NAME = "Food Logging";
			};
			name = Release;
		};
		DA7A000C000000000000000C /* Debug */ = {
			isa = XCBuildConfiguration;
			buildSettings = {
				APPLICATION_EXTENSION_API_ONLY = YES;
				CODE_SIGN_STYLE = Automatic;
				CURRENT_PROJECT_VERSION = 2;
				DEVELOPMENT_TEAM = 4KX3TW8N6M;
				GENERATE_INFOPLIST_FILE = NO;
				INFOPLIST_FILE = DayplateControls/Info.plist;
				IPHONEOS_DEPLOYMENT_TARGET = 18.0;
				LD_RUNPATH_SEARCH_PATHS = (
					"$(inherited)",
					"@executable_path/Frameworks",
					"@executable_path/../../Frameworks",
				);
				MARKETING_VERSION = 1.3;
				PRODUCT_BUNDLE_IDENTIFIER = "kaibergman.Food-Logging.DayplateControls";
				PRODUCT_NAME = "$(TARGET_NAME)";
				SKIP_INSTALL = YES;
				SWIFT_APPROACHABLE_CONCURRENCY = YES;
				SWIFT_DEFAULT_ACTOR_ISOLATION = MainActor;
				SWIFT_EMIT_LOC_STRINGS = YES;
				SWIFT_VERSION = 5.0;
				TARGETED_DEVICE_FAMILY = 1;
			};
			name = Debug;
		};
		DA7A000D000000000000000D /* Release */ = {
			isa = XCBuildConfiguration;
			buildSettings = {
				APPLICATION_EXTENSION_API_ONLY = YES;
				CODE_SIGN_STYLE = Automatic;
				CURRENT_PROJECT_VERSION = 2;
				DEVELOPMENT_TEAM = 4KX3TW8N6M;
				GENERATE_INFOPLIST_FILE = NO;
				INFOPLIST_FILE = DayplateControls/Info.plist;
				IPHONEOS_DEPLOYMENT_TARGET = 18.0;
				LD_RUNPATH_SEARCH_PATHS = (
					"$(inherited)",
					"@executable_path/Frameworks",
					"@executable_path/../../Frameworks",
				);
				MARKETING_VERSION = 1.3;
				PRODUCT_BUNDLE_IDENTIFIER = "kaibergman.Food-Logging.DayplateControls";
				PRODUCT_NAME = "$(TARGET_NAME)";
				SKIP_INSTALL = YES;
				SWIFT_APPROACHABLE_CONCURRENCY = YES;
				SWIFT_DEFAULT_ACTOR_ISOLATION = MainActor;
				SWIFT_EMIT_LOC_STRINGS = YES;
				SWIFT_VERSION = 5.0;
				TARGETED_DEVICE_FAMILY = 1;
			};
			name = Release;
		};
/* End XCBuildConfiguration section */

/* Begin XCConfigurationList section */
		88EBAC853032112A00FB5B08 /* Build configuration list for PBXProject "Food Logging" */ = {
			isa = XCConfigurationList;
			buildConfigurations = (
				88EBACAE3032112D00FB5B08 /* Debug */,
				88EBACAF3032112D00FB5B08 /* Release */,
			);
			defaultConfigurationIsVisible = 0;
			defaultConfigurationName = Release;
		};
		88EBACB03032112D00FB5B08 /* Build configuration list for PBXNativeTarget "Food Logging" */ = {
			isa = XCConfigurationList;
			buildConfigurations = (
				88EBACB13032112D00FB5B08 /* Debug */,
				88EBACB23032112D00FB5B08 /* Release */,
			);
			defaultConfigurationIsVisible = 0;
			defaultConfigurationName = Release;
		};
		88EBACB33032112D00FB5B08 /* Build configuration list for PBXNativeTarget "Food LoggingTests" */ = {
			isa = XCConfigurationList;
			buildConfigurations = (
				88EBACB43032112D00FB5B08 /* Debug */,
				88EBACB53032112D00FB5B08 /* Release */,
			);
			defaultConfigurationIsVisible = 0;
			defaultConfigurationName = Release;
		};
		88EBACB63032112D00FB5B08 /* Build configuration list for PBXNativeTarget "Food LoggingUITests" */ = {
			isa = XCConfigurationList;
			buildConfigurations = (
				88EBACB73032112D00FB5B08 /* Debug */,
				88EBACB83032112D00FB5B08 /* Release */,
			);
			defaultConfigurationIsVisible = 0;
			defaultConfigurationName = Release;
		};
		DA7A000E000000000000000E /* Build configuration list for PBXNativeTarget "DayplateControls" */ = {
			isa = XCConfigurationList;
			buildConfigurations = (
				DA7A000C000000000000000C /* Debug */,
				DA7A000D000000000000000D /* Release */,
			);
			defaultConfigurationIsVisible = 0;
			defaultConfigurationName = Release;
		};
/* End XCConfigurationList section */
	};
	rootObject = 88EBAC823032112A00FB5B08 /* Project object */;
}
